{
    "name": "lidify-backend",
    "version": "1.4.3",
    "lockfileVersion": 1,
    "requires": true,
    "dependencies": {
        "delaunator": {
            "version": "5.0.1",
            "resolved": "https://registry.npmjs.org/delaunator/-/delaunator-5.0.1.tgz",
            "integrity": "sha512-8nvh+XBe96aCESrGOqMp/84b13H9cdKbG5P2ejQCh4d4sK9RL4371qou9drQjMhvnPmhWl5hnmqbEE0fXr9Xnw==",
            "requires": {
                "robust-predicates": "^3.0.2"
            }
        },
        "robust-predicates": {
            "version": "3.0.2",
            "resolved": "https://registry.npmjs.org/robust-predicates/-/robust-predicates-3.0.2.tgz",
            "integrity": "sha512-IXgzBWvWQwE6PrDI05OvmXUIruQTcoMDzRsOd5CDvHCVLcLHMTSYvOK5Cm46kWqlV3yAbuSpBZdJ5oP5OUoStg=="
        },
        "yt-dlp-wrap": {
            "version": "2.3.12",
            "resolved": "https://registry.npmjs.org/yt-dlp-wrap/-/yt-dlp-wrap-2.3.12.tgz",
            "integrity": "sha512-P8fJ+6M1YjukyJENCTviNLiZ8mokxprR54ho3DsSKPWDcac489OjRiStGEARJr6un6ETS6goTn4CWl/b/rM3aA=="
        }
    }
}
